
Microsoft Visual Studio Solution File, Format Version 12.00
# Visual Studio Version 17
VisualStudioVersion = 17.4.33205.214
MinimumVisualStudioVersion = 10.0.40219.1
Project("{FAE04EC0-301F-11D3-BF4B-00C04F79EFBC}") = "Luna_Hotel", "Luna_Hotel\Luna_Hotel.csproj", "{3A0EEE96-EA1D-4008-8EE4-8EEDB2C9F7CD}"
EndProject
Global
	GlobalSection(SolutionConfigurationPlatforms) = preSolution
		Debug|Any CPU = Debug|Any CPU
		Release|Any CPU = Release|Any CPU
	EndGlobalSection
	GlobalSection(ProjectConfigurationPlatforms) = postSolution
		{3A0EEE96-EA1D-4008-8EE4-8EEDB2C9F7CD}.Debug|Any CPU.ActiveCfg = Debug|Any CPU
		{3A0EEE96-EA1D-4008-8EE4-8EEDB2C9F7CD}.Debug|Any CPU.Build.0 = Debug|Any CPU
		{3A0EEE96-EA1D-4008-8EE4-8EEDB2C9F7CD}.Release|Any CPU.ActiveCfg = Release|Any CPU
		{3A0EEE96-EA1D-4008-8EE4-8EEDB2C9F7CD}.Release|Any CPU.Build.0 = Release|Any CPU
	EndGlobalSection
	GlobalSection(SolutionProperties) = preSolution
		HideSolutionNode = FALSE
	EndGlobalSection
	GlobalSection(ExtensibilityGlobals) = postSolution
		SolutionGuid = {DEDAB981-C71C-46D5-B25D-F34F8C7A8545}
	EndGlobalSection
EndGlobal
